
Microsoft Visual Studio Solution File, Format Version 12.00
# Visual Studio Version 16
VisualStudioVersion = 16.0.29911.84
MinimumVisualStudioVersion = 10.0.40219.1
Project("{8BC9CEB8-8B4A-11D0-8D11-00A0C91BC942}") = "Lab7", "Lab7\Lab7.vcxproj", "{74508005-411D-4530-A584-4257BDE44B9D}"
EndProject
Global
	GlobalSection(SolutionConfigurationPlatforms) = preSolution
		Debug|x64 = Debug|x64
		Debug|x86 = Debug|x86
		Release|x64 = Release|x64
		Release|x86 = Release|x86
	EndGlobalSection
	GlobalSection(ProjectConfigurationPlatforms) = postSolution
		{74508005-411D-4530-A584-4257BDE44B9D}.Debug|x64.ActiveCfg = Debug|x64
		{74508005-411D-4530-A584-4257BDE44B9D}.Debug|x64.Build.0 = Debug|x64
		{74508005-411D-4530-A584-4257BDE44B9D}.Debug|x86.ActiveCfg = Debug|Win32
		{74508005-411D-4530-A584-4257BDE44B9D}.Debug|x86.Build.0 = Debug|Win32
		{74508005-411D-4530-A584-4257BDE44B9D}.Release|x64.ActiveCfg = Release|x64
		{74508005-411D-4530-A584-4257BDE44B9D}.Release|x64.Build.0 = Release|x64
		{74508005-411D-4530-A584-4257BDE44B9D}.Release|x86.ActiveCfg = Release|Win32
		{74508005-411D-4530-A584-4257BDE44B9D}.Release|x86.Build.0 = Release|Win32
	EndGlobalSection
	GlobalSection(SolutionProperties) = preSolution
		HideSolutionNode = FALSE
	EndGlobalSection
	GlobalSection(ExtensibilityGlobals) = postSolution
		SolutionGuid = {DE578FAE-5331-410D-A348-0E1344C319AD}
	EndGlobalSection
EndGlobal
